
Microsoft Visual Studio Solution File, Format Version 12.00
# Visual Studio Version 16
VisualStudioVersion = 16.0.29728.190
MinimumVisualStudioVersion = 10.0.40219.1
Project("{FAE04EC0-301F-11D3-BF4B-00C04F79EFBC}") = "WebAppLargeData", "WebAppLargeData\WebAppLargeData.csproj", "{2424C93C-7327-4AF0-BB54-B66794709A41}"
EndProject
Project("{FAE04EC0-301F-11D3-BF4B-00C04F79EFBC}") = "WebAppLargeData.Tests", "WebAppLargeData.Tests\WebAppLargeData.Tests.csproj", "{05B57ACD-5FE7-450E-B2BB-FBB57CE146A1}"
EndProject
Global
	GlobalSection(SolutionConfigurationPlatforms) = preSolution
		Debug|Any CPU = Debug|Any CPU
		Release|Any CPU = Release|Any CPU
	EndGlobalSection
	GlobalSection(ProjectConfigurationPlatforms) = postSolution
		{2424C93C-7327-4AF0-BB54-B66794709A41}.Debug|Any CPU.ActiveCfg = Debug|Any CPU
		{2424C93C-7327-4AF0-BB54-B66794709A41}.Debug|Any CPU.Build.0 = Debug|Any CPU
		{2424C93C-7327-4AF0-BB54-B66794709A41}.Release|Any CPU.ActiveCfg = Release|Any CPU
		{2424C93C-7327-4AF0-BB54-B66794709A41}.Release|Any CPU.Build.0 = Release|Any CPU
		{05B57ACD-5FE7-450E-B2BB-FBB57CE146A1}.Debug|Any CPU.ActiveCfg = Debug|Any CPU
		{05B57ACD-5FE7-450E-B2BB-FBB57CE146A1}.Debug|Any CPU.Build.0 = Debug|Any CPU
		{05B57ACD-5FE7-450E-B2BB-FBB57CE146A1}.Release|Any CPU.ActiveCfg = Release|Any CPU
		{05B57ACD-5FE7-450E-B2BB-FBB57CE146A1}.Release|Any CPU.Build.0 = Release|Any CPU
	EndGlobalSection
	GlobalSection(SolutionProperties) = preSolution
		HideSolutionNode = FALSE
	EndGlobalSection
	GlobalSection(ExtensibilityGlobals) = postSolution
		SolutionGuid = {F33878AA-285A-489C-8C4B-2C4364822C23}
	EndGlobalSection
EndGlobal
